<?xml version="1.0" encoding="utf-8"?>
<Project ToolsVersion="4.0" xmlns="http://schemas.microsoft.com/developer/msbuild/2003">
  <ItemGroup>
    <Filter Include="源文件">
      <UniqueIdentifier>{4FC737F1-C7A5-4376-A066-2A32D752A2FF}</UniqueIdentifier>
      <Extensions>cpp;c;cc;cxx;c++;cppm;ixx;def;odl;idl;hpj;bat;asm;asmx</Extensions>
    </Filter>
    <Filter Include="头文件">
      <UniqueIdentifier>{93995380-89BD-4b04-88EB-625FBE52EBFB}</UniqueIdentifier>
      <Extensions>h;hh;hpp;hxx;h++;hm;inl;inc;ipp;xsd</Extensions>
    </Filter>
    <Filter Include="资源文件">
      <UniqueIdentifier>{67DA6AB6-F800-4c08-8B7A-83BB121AAD01}</UniqueIdentifier>
      <Extensions>rc;ico;cur;bmp;dlg;rc2;rct;bin;rgs;gif;jpg;jpeg;jpe;resx;tiff;tif;png;wav;mfcribbon-ms</Extensions>
    </Filter>
    <Filter Include="源文件\1.getting_start">
      <UniqueIdentifier>{1afff3e5-eb6d-49f5-9eea-4141fc9e6697}</UniqueIdentifier>
    </Filter>
    <Filter Include="源文件\test">
      <UniqueIdentifier>{16a22a71-b458-4cfb-b72f-28e900b1240c}</UniqueIdentifier>
    </Filter>
    <Filter Include="源文件\1.getting_start\ShaderClass">
      <UniqueIdentifier>{c634d27f-ef7a-454d-9266-9bed42de9aa7}</UniqueIdentifier>
    </Filter>
    <Filter Include="源文件\1.getting_start\Texture">
      <UniqueIdentifier>{6402a6ee-2d17-437b-8407-f3e6b6d3b4f5}</UniqueIdentifier>
    </Filter>
    <Filter Include="源文件\1.getting_start\Transform">
      <UniqueIdentifier>{fbc7ed30-ea7e-44d8-b888-6428e2545e2f}</UniqueIdentifier>
    </Filter>
    <Filter Include="源文件\1.getting_start\Coordinate">
      <UniqueIdentifier>{a674a3f3-26b2-490c-97f0-17575c23ca08}</UniqueIdentifier>
    </Filter>
    <Filter Include="源文件\1.getting_start\Camera">
      <UniqueIdentifier>{54dc30a0-c925-4a41-9470-5f1a956d0671}</UniqueIdentifier>
    </Filter>
    <Filter Include="源文件\2.lighting">
      <UniqueIdentifier>{4fe6a85e-141b-4ca8-b472-325d50d2002e}</UniqueIdentifier>
    </Filter>
    <Filter Include="源文件\2.lighting\Color">
      <UniqueIdentifier>{6693e531-8cd5-476c-adff-35867e209c9d}</UniqueIdentifier>
    </Filter>
    <Filter Include="源文件\2.lighting\Lighting">
      <UniqueIdentifier>{6ddd8602-c492-4268-a46e-d51e2af21597}</UniqueIdentifier>
    </Filter>
    <Filter Include="源文件\2.lighting\Materials">
      <UniqueIdentifier>{7402c619-3756-4198-9905-4ae0680ec724}</UniqueIdentifier>
    </Filter>
    <Filter Include="源文件\2.lighting\Lightingmaps">
      <UniqueIdentifier>{38e4b574-c690-4ccd-8226-c0a2c1d1c253}</UniqueIdentifier>
    </Filter>
    <Filter Include="源文件\2.lighting\Lightcasters">
      <UniqueIdentifier>{5f25cf9c-0538-4062-a7b4-96da7e910159}</UniqueIdentifier>
    </Filter>
  </ItemGroup>
  <ItemGroup>
    <ClInclude Include="resource.h">
      <Filter>头文件</Filter>
    </ClInclude>
  </ItemGroup>
  <ItemGroup>
    <ResourceCompile Include="VS_GLFW_GLEW_Project.rc">
      <Filter>资源文件</Filter>
    </ResourceCompile>
  </ItemGroup>
  <ItemGroup>
    <ClCompile Include="src\application.cpp">
      <Filter>源文件\test</Filter>
    </ClCompile>
    <ClCompile Include="src\glad.c">
      <Filter>源文件\test</Filter>
    </ClCompile>
    <ClCompile Include="Shader.cpp">
      <Filter>源文件\test</Filter>
    </ClCompile>
    <ClCompile Include="src\1.getting_start\shader_class.cpp">
      <Filter>源文件\1.getting_start\ShaderClass</Filter>
    </ClCompile>
    <ClCompile Include="texture_maping.cpp">
      <Filter>源文件\1.getting_start\Texture</Filter>
    </ClCompile>
    <ClCompile Include="src\1.getting_start\Transform\transformations.cpp">
      <Filter>源文件\1.getting_start\Transform</Filter>
    </ClCompile>
    <ClCompile Include="src\1.getting_start\Coordinate\Coordinate.cpp">
      <Filter>源文件\1.getting_start\Coordinate</Filter>
    </ClCompile>
    <ClCompile Include="src\1.getting_start\Camera\Camera.cpp">
      <Filter>源文件\1.getting_start\Camera</Filter>
    </ClCompile>
    <ClCompile Include="src\2.lighting\Color\Color.cpp">
      <Filter>源文件\2.lighting\Color</Filter>
    </ClCompile>
    <ClCompile Include="src\2.lighting\Lighting\Lighting.cpp">
      <Filter>源文件\2.lighting\Lighting</Filter>
    </ClCompile>
    <ClCompile Include="src\2.lighting\Materials\Materials.cpp">
      <Filter>源文件\2.lighting\Materials</Filter>
    </ClCompile>
    <ClCompile Include="src\2.lighting\Lightingmaps\Lightingmaps.cpp">
      <Filter>源文件\2.lighting\Lightingmaps</Filter>
    </ClCompile>
    <ClCompile Include="src\2.lighting\Lightcasters\Lightcasters.cpp">
      <Filter>源文件\2.lighting\Lightcasters</Filter>
    </ClCompile>
  </ItemGroup>
  <ItemGroup>
    <None Include="src\1.getting_start\3.3.shader.fs">
      <Filter>源文件\1.getting_start\ShaderClass</Filter>
    </None>
    <None Include="src\1.getting_start\3.3.shader.vs">
      <Filter>源文件\1.getting_start\ShaderClass</Filter>
    </None>
    <None Include="src\1.getting_start\Texture\shader.fs">
      <Filter>源文件\1.getting_start\Texture</Filter>
    </None>
    <None Include="src\1.getting_start\Texture\shader.vs">
      <Filter>源文件\1.getting_start\Texture</Filter>
    </None>
    <None Include="src\1.getting_start\Coordinate\shader.vs">
      <Filter>源文件\1.getting_start\Coordinate</Filter>
    </None>
    <None Include="src\1.getting_start\Coordinate\shader.fs">
      <Filter>源文件\1.getting_start\Coordinate</Filter>
    </None>
    <None Include="src\1.getting_start\Camera\shader.vs">
      <Filter>源文件\1.getting_start\Camera</Filter>
    </None>
    <None Include="src\1.getting_start\Camera\shader.fs">
      <Filter>源文件\1.getting_start\Camera</Filter>
    </None>
    <None Include="src\2.lighting\Color\shader.vs">
      <Filter>源文件\2.lighting\Color</Filter>
    </None>
    <None Include="src\2.lighting\Color\shader.fs">
      <Filter>源文件\2.lighting\Color</Filter>
    </None>
    <None Include="src\2.lighting\Color\light.fs">
      <Filter>源文件\2.lighting\Color</Filter>
    </None>
    <None Include="src\2.lighting\Lighting\shader.vs">
      <Filter>源文件\2.lighting\Lighting</Filter>
    </None>
    <None Include="src\2.lighting\Lighting\shader.fs">
      <Filter>源文件\2.lighting\Lighting</Filter>
    </None>
    <None Include="src\2.lighting\Materials\shader.vs">
      <Filter>源文件\2.lighting\Materials</Filter>
    </None>
    <None Include="src\2.lighting\Materials\shader.fs">
      <Filter>源文件\2.lighting\Materials</Filter>
    </None>
    <None Include="src\2.lighting\Lightingmaps\shader.vs">
      <Filter>源文件\2.lighting\Lightingmaps</Filter>
    </None>
    <None Include="src\2.lighting\Lightingmaps\shader.fs">
      <Filter>源文件\2.lighting\Lightingmaps</Filter>
    </None>
    <None Include="src\2.lighting\Lightcasters\shader.vs">
      <Filter>源文件\2.lighting\Lightcasters</Filter>
    </None>
    <None Include="src\2.lighting\Lightcasters\shader.fs">
      <Filter>源文件\2.lighting\Lightcasters</Filter>
    </None>
  </ItemGroup>
</Project>